
Microsoft Visual Studio Solution File, Format Version 12.00
# Visual Studio Version 16
VisualStudioVersion = 16.0.31112.23
MinimumVisualStudioVersion = 10.0.40219.1
Project("{FAE04EC0-301F-11D3-BF4B-00C04F79EFBC}") = "SignalR-Example-NET-Framework", "SignalR-Example-NET-Framework.csproj", "{43C7BD05-F134-4E2F-8765-22617AD0B789}"
EndProject
Global
	GlobalSection(SolutionConfigurationPlatforms) = preSolution
		Debug|Any CPU = Debug|Any CPU
		Release|Any CPU = Release|Any CPU
	EndGlobalSection
	GlobalSection(ProjectConfigurationPlatforms) = postSolution
		{43C7BD05-F134-4E2F-8765-22617AD0B789}.Debug|Any CPU.ActiveCfg = Debug|Any CPU
		{43C7BD05-F134-4E2F-8765-22617AD0B789}.Debug|Any CPU.Build.0 = Debug|Any CPU
		{43C7BD05-F134-4E2F-8765-22617AD0B789}.Release|Any CPU.ActiveCfg = Release|Any CPU
		{43C7BD05-F134-4E2F-8765-22617AD0B789}.Release|Any CPU.Build.0 = Release|Any CPU
	EndGlobalSection
	GlobalSection(SolutionProperties) = preSolution
		HideSolutionNode = FALSE
	EndGlobalSection
	GlobalSection(ExtensibilityGlobals) = postSolution
		SolutionGuid = {01325533-F91C-41EA-9838-80A4D955A441}
	EndGlobalSection
EndGlobal
